
Microsoft Visual Studio Solution File, Format Version 12.00
# Visual Studio Version 17
VisualStudioVersion = 17.8.34330.188
MinimumVisualStudioVersion = 10.0.40219.1
Project("{FAE04EC0-301F-11D3-BF4B-00C04F79EFBC}") = "ShapeAreas", "ShapeAreas.csproj", "{6094E322-BA89-4760-AC76-A4ACA954DF48}"
EndProject
Global
	GlobalSection(SolutionConfigurationPlatforms) = preSolution
		Debug|Any CPU = Debug|Any CPU
		Release|Any CPU = Release|Any CPU
	EndGlobalSection
	GlobalSection(ProjectConfigurationPlatforms) = postSolution
		{6094E322-BA89-4760-AC76-A4ACA954DF48}.Debug|Any CPU.ActiveCfg = Debug|Any CPU
		{6094E322-BA89-4760-AC76-A4ACA954DF48}.Debug|Any CPU.Build.0 = Debug|Any CPU
		{6094E322-BA89-4760-AC76-A4ACA954DF48}.Release|Any CPU.ActiveCfg = Release|Any CPU
		{6094E322-BA89-4760-AC76-A4ACA954DF48}.Release|Any CPU.Build.0 = Release|Any CPU
	EndGlobalSection
	GlobalSection(SolutionProperties) = preSolution
		HideSolutionNode = FALSE
	EndGlobalSection
	GlobalSection(ExtensibilityGlobals) = postSolution
		SolutionGuid = {F7523462-C375-4809-9624-FBA0F02587E9}
	EndGlobalSection
EndGlobal
